{
  "name": "@behrenle/number-drive",
  "version": "2.22.2",
  "lockfileVersion": 1,
  "requires": true,
  "dependencies": {
    "@behrenle/number-drive-parser": {
      "version": "3.1.1",
      "resolved": "https://registry.npmjs.org/@behrenle/number-drive-parser/-/number-drive-parser-3.1.1.tgz",
      "integrity": "sha512-jflucbJtl2mLYg2KmqGTexGDYlrCHFHmS2TKDFaSbp47r5qTWCeG5p0Jfy0oCSLMv+sWVxznlf4jVQAfsbPvDQ=="
    },
    "decimal.js": {
      "version": "10.2.0",
      "resolved": "https://registry.npmjs.org/decimal.js/-/decimal.js-10.2.0.tgz",
      "integrity": "sha1-OUZhE6ngNhEdAvgkibX9awte0jE="
    },
    "lodash.clonedeep": {
      "version": "4.5.0",
      "resolved": "https://registry.npmjs.org/lodash.clonedeep/-/lodash.clonedeep-4.5.0.tgz",
      "integrity": "sha1-4j8/nE+Pvd6HJSnBBxhXoIblzO8="
    }
  }
}
